// !$*UTF8*$!
{
	archiveVersion = 1;
	classes = {
	};
	objectVersion = 77;
	objects = {

/* Begin PBXBuildFile section */
		6C7D2A792EDD94780037A8D7 /* FirebaseAnalytics in Frameworks */ = {isa = PBXBuildFile; productRef = 6C7D2A782EDD94780037A8D7 /* FirebaseAnalytics */; };
		6C7D2A7B2EDD94780037A8D7 /* FirebaseAuth in Frameworks */ = {isa = PBXBuildFile; productRef = 6C7D2A7A2EDD94780037A8D7 /* FirebaseAuth */; };
		6C7D2A7D2EDD94780037A8D7 /* FirebaseDatabase in Frameworks */ = {isa = PBXBuildFile; productRef = 6C7D2A7C2EDD94780037A8D7 /* FirebaseDatabase */; };
		6C7D2A7F2EDD94780037A8D7 /* FirebaseFirestore in Frameworks */ = {isa = PBXBuildFile; productRef = 6C7D2A7E2EDD94780037A8D7 /* FirebaseFirestore */; };
		6CD229562EDF06D700DE84EF /* HomeViewController.swift in Sources */ = {isa = PBXBuildFile; fileRef = 6CD229552EDF06D700DE84EF /* HomeViewController.swift */; };
/* End PBXBuildFile section */

/* Begin PBXContainerItemProxy section */
		6C6B81322ED99237005E4340 /* PBXContainerItemProxy */ = {
			isa = PBXContainerItemProxy;
			containerPortal = 6C6B81102ED99235005E4340 /* Project object */;
			proxyType = 1;
			remoteGlobalIDString = 6C6B81172ED99236005E4340;
			remoteInfo = PracticaFirebase;
		};
		6C6B813C2ED99237005E4340 /* PBXContainerItemProxy */ = {
			isa = PBXContainerItemProxy;
			containerPortal = 6C6B81102ED99235005E4340 /* Project object */;
			proxyType = 1;
			remoteGlobalIDString = 6C6B81172ED99236005E4340;
			remoteInfo = PracticaFirebase;
		};
/* End PBXContainerItemProxy section */

/* Begin PBXFileReference section */
		6C6B81182ED99236005E4340 /* PracticaFirebase.app */ = {isa = PBXFileReference; explicitFileType = wrapper.application; includeInIndex = 0; path = PracticaFirebase.app; sourceTree = BUILT_PRODUCTS_DIR; };
		6C6B81312ED99237005E4340 /* PracticaFirebaseTests.xctest */ = {isa = PBXFileReference; explicitFileType = wrapper.cfbundle; includeInIndex = 0; path = PracticaFirebaseTests.xctest; sourceTree = BUILT_PRODUCTS_DIR; };
		6C6B813B2ED99237005E4340 /* PracticaFirebaseUITests.xctest */ = {isa = PBXFileReference; explicitFileType = wrapper.cfbundle; includeInIndex = 0; path = PracticaFirebaseUITests.xctest; sourceTree = BUILT_PRODUCTS_DIR; };
		6CD229552EDF06D700DE84EF /* HomeViewController.swift */ = {isa = PBXFileReference; lastKnownFileType = sourcecode.swift; path = HomeViewController.swift; sourceTree = "<group>"; };
/* End PBXFileReference section */

/* Begin PBXFileSystemSynchronizedBuildFileExceptionSet section */
		6C6B81432ED99237005E4340 /* Exceptions for "PracticaFirebase" folder in "PracticaFirebase" target */ = {
			isa = PBXFileSystemSynchronizedBuildFileExceptionSet;
			membershipExceptions = (
				Info.plist,
			);
			target = 6C6B81172ED99236005E4340 /* PracticaFirebase */;
		};
/* End PBXFileSystemSynchronizedBuildFileExceptionSet section */

/* Begin PBXFileSystemSynchronizedRootGroup section */
		6C6B811A2ED99236005E4340 /* PracticaFirebase */ = {
			isa = PBXFileSystemSynchronizedRootGroup;
			exceptions = (
				6C6B81432ED99237005E4340 /* Exceptions for "PracticaFirebase" folder in "PracticaFirebase" target */,
			);
			path = PracticaFirebase;
			sourceTree = "<group>";
		};
		6C6B81342ED99237005E4340 /* PracticaFirebaseTests */ = {
			isa = PBXFileSystemSynchronizedRootGroup;
			path = PracticaFirebaseTests;
			sourceTree = "<group>";
		};
		6C6B813E2ED99237005E4340 /* PracticaFirebaseUITests */ = {
			isa = PBXFileSystemSynchronizedRootGroup;
			path = PracticaFirebaseUITests;
			sourceTree = "<group>";
		};
/* End PBXFileSystemSynchronizedRootGroup section */

/* Begin PBXFrameworksBuildPhase section */
		6C6B81152ED99236005E4340 /* Frameworks */ = {
			isa = PBXFrameworksBuildPhase;
			buildActionMask = 2147483647;
			files = (
				6C7D2A7D2EDD94780037A8D7 /* FirebaseDatabase in Frameworks */,
				6C7D2A7F2EDD94780037A8D7 /* FirebaseFirestore in Frameworks */,
				6C7D2A792EDD94780037A8D7 /* FirebaseAnalytics in Frameworks */,
				6C7D2A7B2EDD94780037A8D7 /* FirebaseAuth in Frameworks */,
			);
			runOnlyForDeploymentPostprocessing = 0;
		};
		6C6B812E2ED99237005E4340 /* Frameworks */ = {
			isa = PBXFrameworksBuildPhase;
			buildActionMask = 2147483647;
			files = (
			);
			runOnlyForDeploymentPostprocessing = 0;
		};
		6C6B81382ED99237005E4340 /* Frameworks */ = {
			isa = PBXFrameworksBuildPhase;
			buildActionMask = 2147483647;
			files = (
			);
			runOnlyForDeploymentPostprocessing = 0;
		};
/* End PBXFrameworksBuildPhase section */

/* Begin PBXGroup section */
		6C6B810F2ED99235005E4340 = {
			isa = PBXGroup;
			children = (
				6CD229552EDF06D700DE84EF /* HomeViewController.swift */,
				6C6B811A2ED99236005E4340 /* PracticaFirebase */,
				6C6B81342ED99237005E4340 /* PracticaFirebaseTests */,
				6C6B813E2ED99237005E4340 /* PracticaFirebaseUITests */,
				6C6B81192ED99236005E4340 /* Products */,
			);
			sourceTree = "<group>";
		};
		6C6B81192ED99236005E4340 /* Products */ = {
			isa = PBXGroup;
			children = (
				6C6B81182ED99236005E4340 /* PracticaFirebase.app */,
				6C6B81312ED99237005E4340 /* PracticaFirebaseTests.xctest */,
				6C6B813B2ED99237005E4340 /* PracticaFirebaseUITests.xctest */,
			);
			name = Products;
			sourceTree = "<group>";
		};
/* End PBXGroup section */

/* Begin PBXNativeTarget section */
		6C6B81172ED99236005E4340 /* PracticaFirebase */ = {
			isa = PBXNativeTarget;
			buildConfigurationList = 6C6B81442ED99237005E4340 /* Build configuration list for PBXNativeTarget "PracticaFirebase" */;
			buildPhases = (
				6C6B81142ED99236005E4340 /* Sources */,
				6C6B81152ED99236005E4340 /* Frameworks */,
				6C6B81162ED99236005E4340 /* Resources */,
			);
			buildRules = (
			);
			dependencies = (
			);
			fileSystemSynchronizedGroups = (
				6C6B811A2ED99236005E4340 /* PracticaFirebase */,
			);
			name = PracticaFirebase;
			packageProductDependencies = (
				6C7D2A782EDD94780037A8D7 /* FirebaseAnalytics */,
				6C7D2A7A2EDD94780037A8D7 /* FirebaseAuth */,
				6C7D2A7C2EDD94780037A8D7 /* FirebaseDatabase */,
				6C7D2A7E2EDD94780037A8D7 /* FirebaseFirestore */,
			);
			productName = PracticaFirebase;
			productReference = 6C6B81182ED99236005E4340 /* PracticaFirebase.app */;
			productType = "com.apple.product-type.application";
		};
		6C6B81302ED99237005E4340 /* PracticaFirebaseTests */ = {
			isa = PBXNativeTarget;
			buildConfigurationList = 6C6B81492ED99237005E4340 /* Build configuration list for PBXNativeTarget "PracticaFirebaseTests" */;
			buildPhases = (
				6C6B812D2ED99237005E4340 /* Sources */,
				6C6B812E2ED99237005E4340 /* Frameworks */,
				6C6B812F2ED99237005E4340 /* Resources */,
			);
			buildRules = (
			);
			dependencies = (
				6C6B81332ED99237005E4340 /* PBXTargetDependency */,
			);
			fileSystemSynchronizedGroups = (
				6C6B81342ED99237005E4340 /* PracticaFirebaseTests */,
			);
			name = PracticaFirebaseTests;
			packageProductDependencies = (
			);
			productName = PracticaFirebaseTests;
			productReference = 6C6B81312ED99237005E4340 /* PracticaFirebaseTests.xctest */;
			productType = "com.apple.product-type.bundle.unit-test";
		};
		6C6B813A2ED99237005E4340 /* PracticaFirebaseUITests */ = {
			isa = PBXNativeTarget;
			buildConfigurationList = 6C6B814C2ED99237005E4340 /* Build configuration list for PBXNativeTarget "PracticaFirebaseUITests" */;
			buildPhases = (
				6C6B81372ED99237005E4340 /* Sources */,
				6C6B81382ED99237005E4340 /* Frameworks */,
				6C6B81392ED99237005E4340 /* Resources */,
			);
			buildRules = (
			);
			dependencies = (
				6C6B813D2ED99237005E4340 /* PBXTargetDependency */,
			);
			fileSystemSynchronizedGroups = (
				6C6B813E2ED99237005E4340 /* PracticaFirebaseUITests */,
			);
			name = PracticaFirebaseUITests;
			packageProductDependencies = (
			);
			productName = PracticaFirebaseUITests;
			productReference = 6C6B813B2ED99237005E4340 /* PracticaFirebaseUITests.xctest */;
			productType = "com.apple.product-type.bundle.ui-testing";
		};
/* End PBXNativeTarget section */

/* Begin PBXProject section */
		6C6B81102ED99235005E4340 /* Project object */ = {
			isa = PBXProject;
			attributes = {
				BuildIndependentTargetsInParallel = 1;
				LastSwiftUpdateCheck = 2600;
				LastUpgradeCheck = 2600;
				TargetAttributes = {
					6C6B81172ED99236005E4340 = {
						CreatedOnToolsVersion = 26.0.1;
					};
					6C6B81302ED99237005E4340 = {
						CreatedOnToolsVersion = 26.0.1;
						TestTargetID = 6C6B81172ED99236005E4340;
					};
					6C6B813A2ED99237005E4340 = {
						CreatedOnToolsVersion = 26.0.1;
						TestTargetID = 6C6B81172ED99236005E4340;
					};
				};
			};
			buildConfigurationList = 6C6B81132ED99235005E4340 /* Build configuration list for PBXProject "PracticaFirebase" */;
			developmentRegion = en;
			hasScannedForEncodings = 0;
			knownRegions = (
				en,
				Base,
			);
			mainGroup = 6C6B810F2ED99235005E4340;
			minimizedProjectReferenceProxies = 1;
			packageReferences = (
				6C7D2A772EDD94780037A8D7 /* XCRemoteSwiftPackageReference "firebase-ios-sdk" */,
			);
			preferredProjectObjectVersion = 77;
			productRefGroup = 6C6B81192ED99236005E4340 /* Products */;
			projectDirPath = "";
			projectRoot = "";
			targets = (
				6C6B81172ED99236005E4340 /* PracticaFirebase */,
				6C6B81302ED99237005E4340 /* PracticaFirebaseTests */,
				6C6B813A2ED99237005E4340 /* PracticaFirebaseUITests */,
			);
		};
/* End PBXProject section */

/* Begin PBXResourcesBuildPhase section */
		6C6B81162ED99236005E4340 /* Resources */ = {
			isa = PBXResourcesBuildPhase;
			buildActionMask = 2147483647;
			files = (
			);
			runOnlyForDeploymentPostprocessing = 0;
		};
		6C6B812F2ED99237005E4340 /* Resources */ = {
			isa = PBXResourcesBuildPhase;
			buildActionMask = 2147483647;
			files = (
			);
			runOnlyForDeploymentPostprocessing = 0;
		};
		6C6B81392ED99237005E4340 /* Resources */ = {
			isa = PBXResourcesBuildPhase;
			buildActionMask = 2147483647;
			files = (
			);
			runOnlyForDeploymentPostprocessing = 0;
		};
/* End PBXResourcesBuildPhase section */

/* Begin PBXSourcesBuildPhase section */
		6C6B81142ED99236005E4340 /* Sources */ = {
			isa = PBXSourcesBuildPhase;
			buildActionMask = 2147483647;
			files = (
				6CD229562EDF06D700DE84EF /* HomeViewController.swift in Sources */,
			);
			runOnlyForDeploymentPostprocessing = 0;
		};
		6C6B812D2ED99237005E4340 /* Sources */ = {
			isa = PBXSourcesBuildPhase;
			buildActionMask = 2147483647;
			files = (
			);
			runOnlyForDeploymentPostprocessing = 0;
		};
		6C6B81372ED99237005E4340 /* Sources */ = {
			isa = PBXSourcesBuildPhase;
			buildActionMask = 2147483647;
			files = (
			);
			runOnlyForDeploymentPostprocessing = 0;
		};
/* End PBXSourcesBuildPhase section */

/* Begin PBXTargetDependency section */
		6C6B81332ED99237005E4340 /* PBXTargetDependency */ = {
			isa = PBXTargetDependency;
			target = 6C6B81172ED99236005E4340 /* PracticaFirebase */;
			targetProxy = 6C6B81322ED99237005E4340 /* PBXContainerItemProxy */;
		};
		6C6B813D2ED99237005E4340 /* PBXTargetDependency */ = {
			isa = PBXTargetDependency;
			target = 6C6B81172ED99236005E4340 /* PracticaFirebase */;
			targetProxy = 6C6B813C2ED99237005E4340 /* PBXContainerItemProxy */;
		};
/* End PBXTargetDependency section */

/* Begin XCBuildConfiguration section */
		6C6B81452ED99237005E4340 /* Debug */ = {
			isa = XCBuildConfiguration;
			buildSettings = {
				ASSETCATALOG_COMPILER_APPICON_NAME = AppIcon;
				ASSETCATALOG_COMPILER_GLOBAL_ACCENT_COLOR_NAME = AccentColor;
				CODE_SIGN_STYLE = Automatic;
				CURRENT_PROJECT_VERSION = 1;
				GENERATE_INFOPLIST_FILE = YES;
				INFOPLIST_FILE = PracticaFirebase/Info.plist;
				INFOPLIST_KEY_UIApplicationSupportsIndirectInputEvents = YES;
				INFOPLIST_KEY_UILaunchStoryboardName = LaunchScreen;
				INFOPLIST_KEY_UIMainStoryboardFile = Main;
				INFOPLIST_KEY_UISupportedInterfaceOrientations_iPad = "UIInterfaceOrientationPortrait UIInterfaceOrientationPortraitUpsideDown UIInterfaceOrientationLandscapeLeft UIInterfaceOrientationLandscapeRight";
				INFOPLIST_KEY_UISupportedInterfaceOrientations_iPhone = "UIInterfaceOrientationPortrait UIInterfaceOrientationLandscapeLeft UIInterfaceOrientationLandscapeRight";
				LD_RUNPATH_SEARCH_PATHS = (
					"$(inherited)",
					"@executable_path/Frameworks",
				);
				MARKETING_VERSION = 1.0;
				PRODUCT_BUNDLE_IDENTIFIER = com.example.PracticaFirebase;
				PRODUCT_NAME = "$(TARGET_NAME)";
				STRING_CATALOG_GENERATE_SYMBOLS = YES;
				SWIFT_APPROACHABLE_CONCURRENCY = YES;
				SWIFT_DEFAULT_ACTOR_ISOLATION = MainActor;
				SWIFT_EMIT_LOC_STRINGS = YES;
				SWIFT_UPCOMING_FEATURE_MEMBER_IMPORT_VISIBILITY = YES;
				SWIFT_VERSION = 5.0;
				TARGETED_DEVICE_FAMILY = "1,2";
			};
			name = Debug;
		};
		6C6B81462ED99237005E4340 /* Release */ = {
			isa = XCBuildConfiguration;
			buildSettings = {
				ASSETCATALOG_COMPILER_APPICON_NAME = AppIcon;
				ASSETCATALOG_COMPILER_GLOBAL_ACCENT_COLOR_NAME = AccentColor;
				CODE_SIGN_STYLE = Automatic;
				CURRENT_PROJECT_VERSION = 1;
				GENERATE_INFOPLIST_FILE = YES;
				INFOPLIST_FILE = PracticaFirebase/Info.plist;
				INFOPLIST_KEY_UIApplicationSupportsIndirectInputEvents = YES;
				INFOPLIST_KEY_UILaunchStoryboardName = LaunchScreen;
				INFOPLIST_KEY_UIMainStoryboardFile = Main;
				INFOPLIST_KEY_UISupportedInterfaceOrientations_iPad = "UIInterfaceOrientationPortrait UIInterfaceOrientationPortraitUpsideDown UIInterfaceOrientationLandscapeLeft UIInterfaceOrientationLandscapeRight";
				INFOPLIST_KEY_UISupportedInterfaceOrientations_iPhone = "UIInterfaceOrientationPortrait UIInterfaceOrientationLandscapeLeft UIInterfaceOrientationLandscapeRight";
				LD_RUNPATH_SEARCH_PATHS = (
					"$(inherited)",
					"@executable_path/Frameworks",
				);
				MARKETING_VERSION = 1.0;
				PRODUCT_BUNDLE_IDENTIFIER = com.example.PracticaFirebase;
				PRODUCT_NAME = "$(TARGET_NAME)";
				STRING_CATALOG_GENERATE_SYMBOLS = YES;
				SWIFT_APPROACHABLE_CONCURRENCY = YES;
				SWIFT_DEFAULT_ACTOR_ISOLATION = MainActor;
				SWIFT_EMIT_LOC_STRINGS = YES;
				SWIFT_UPCOMING_FEATURE_MEMBER_IMPORT_VISIBILITY = YES;
				SWIFT_VERSION = 5.0;
				TARGETED_DEVICE_FAMILY = "1,2";
			};
			name = Release;
		};
		6C6B81472ED99237005E4340 /* Debug */ = {
			isa = XCBuildConfiguration;
			buildSettings = {
				ALWAYS_SEARCH_USER_PATHS = NO;
				ASSETCATALOG_COMPILER_GENERATE_SWIFT_ASSET_SYMBOL_EXTENSIONS = YES;
				CLANG_ANALYZER_NONNULL = YES;
				CLANG_ANALYZER_NUMBER_OBJECT_CONVERSION = YES_AGGRESSIVE;
				CLANG_CXX_LANGUAGE_STANDARD = "gnu++20";
				CLANG_ENABLE_MODULES = YES;
				CLANG_ENABLE_OBJC_ARC = YES;
				CLANG_ENABLE_OBJC_WEAK = YES;
				CLANG_WARN_BLOCK_CAPTURE_AUTORELEASING = YES;
				CLANG_WARN_BOOL_CONVERSION = YES;
				CLANG_WARN_COMMA = YES;
				CLANG_WARN_CONSTANT_CONVERSION = YES;
				CLANG_WARN_DEPRECATED_OBJC_IMPLEMENTATIONS = YES;
				CLANG_WARN_DIRECT_OBJC_ISA_USAGE = YES_ERROR;
				CLANG_WARN_DOCUMENTATION_COMMENTS = YES;
				CLANG_WARN_EMPTY_BODY = YES;
				CLANG_WARN_ENUM_CONVERSION = YES;
				CLANG_WARN_INFINITE_RECURSION = YES;
				CLANG_WARN_INT_CONVERSION = YES;
				CLANG_WARN_NON_LITERAL_NULL_CONVERSION = YES;
				CLANG_WARN_OBJC_IMPLICIT_RETAIN_SELF = YES;
				CLANG_WARN_OBJC_LITERAL_CONVERSION = YES;
				CLANG_WARN_OBJC_ROOT_CLASS = YES_ERROR;
				CLANG_WARN_QUOTED_INCLUDE_IN_FRAMEWORK_HEADER = YES;
				CLANG_WARN_RANGE_LOOP_ANALYSIS = YES;
				CLANG_WARN_STRICT_PROTOTYPES = YES;
				CLANG_WARN_SUSPICIOUS_MOVE = YES;
				CLANG_WARN_UNGUARDED_AVAILABILITY = YES_AGGRESSIVE;
				CLANG_WARN_UNREACHABLE_CODE = YES;
				CLANG_WARN__DUPLICATE_METHOD_MATCH = YES;
				COPY_PHASE_STRIP = NO;
				DEBUG_INFORMATION_FORMAT = dwarf;
				ENABLE_STRICT_OBJC_MSGSEND = YES;
				ENABLE_TESTABILITY = YES;
				ENABLE_USER_SCRIPT_SANDBOXING = YES;
				GCC_C_LANGUAGE_STANDARD = gnu17;
				GCC_DYNAMIC_NO_PIC = NO;
				GCC_NO_COMMON_BLOCKS = YES;
				GCC_OPTIMIZATION_LEVEL = 0;
				GCC_PREPROCESSOR_DEFINITIONS = (
					"DEBUG=1",
					"$(inherited)",
				);
				GCC_WARN_64_TO_32_BIT_CONVERSION = YES;
				GCC_WARN_ABOUT_RETURN_TYPE = YES_ERROR;
				GCC_WARN_UNDECLARED_SELECTOR = YES;
				GCC_WARN_UNINITIALIZED_AUTOS = YES_AGGRESSIVE;
				GCC_WARN_UNUSED_FUNCTION = YES;
				GCC_WARN_UNUSED_VARIABLE = YES;
				IPHONEOS_DEPLOYMENT_TARGET = 26.0;
				LOCALIZATION_PREFERS_STRING_CATALOGS = YES;
				MTL_ENABLE_DEBUG_INFO = INCLUDE_SOURCE;
				MTL_FAST_MATH = YES;
				ONLY_ACTIVE_ARCH = YES;
				SDKROOT = iphoneos;
				SWIFT_ACTIVE_COMPILATION_CONDITIONS = "DEBUG $(inherited)";
				SWIFT_OPTIMIZATION_LEVEL = "-Onone";
			};
			name = Debug;
		};
		6C6B81482ED99237005E4340 /* Release */ = {
			isa = XCBuildConfiguration;
			buildSettings = {
				ALWAYS_SEARCH_USER_PATHS = NO;
				ASSETCATALOG_COMPILER_GENERATE_SWIFT_ASSET_SYMBOL_EXTENSIONS = YES;
				CLANG_ANALYZER_NONNULL = YES;
				CLANG_ANALYZER_NUMBER_OBJECT_CONVERSION = YES_AGGRESSIVE;
				CLANG_CXX_LANGUAGE_STANDARD = "gnu++20";
				CLANG_ENABLE_MODULES = YES;
				CLANG_ENABLE_OBJC_ARC = YES;
				CLANG_ENABLE_OBJC_WEAK = YES;
				CLANG_WARN_BLOCK_CAPTURE_AUTORELEASING = YES;
				CLANG_WARN_BOOL_CONVERSION = YES;
				CLANG_WARN_COMMA = YES;
				CLANG_WARN_CONSTANT_CONVERSION = YES;
				CLANG_WARN_DEPRECATED_OBJC_IMPLEMENTATIONS = YES;
				CLANG_WARN_DIRECT_OBJC_ISA_USAGE = YES_ERROR;
				CLANG_WARN_DOCUMENTATION_COMMENTS = YES;
				CLANG_WARN_EMPTY_BODY = YES;
				CLANG_WARN_ENUM_CONVERSION = YES;
				CLANG_WARN_INFINITE_RECURSION = YES;
				CLANG_WARN_INT_CONVERSION = YES;
				CLANG_WARN_NON_LITERAL_NULL_CONVERSION = YES;
				CLANG_WARN_OBJC_IMPLICIT_RETAIN_SELF = YES;
				CLANG_WARN_OBJC_LITERAL_CONVERSION = YES;
				CLANG_WARN_OBJC_ROOT_CLASS = YES_ERROR;
				CLANG_WARN_QUOTED_INCLUDE_IN_FRAMEWORK_HEADER = YES;
				CLANG_WARN_RANGE_LOOP_ANALYSIS = YES;
				CLANG_WARN_STRICT_PROTOTYPES = YES;
				CLANG_WARN_SUSPICIOUS_MOVE = YES;
				CLANG_WARN_UNGUARDED_AVAILABILITY = YES_AGGRESSIVE;
				CLANG_WARN_UNREACHABLE_CODE = YES;
				CLANG_WARN__DUPLICATE_METHOD_MATCH = YES;
				COPY_PHASE_STRIP = NO;
				DEBUG_INFORMATION_FORMAT = "dwarf-with-dsym";
				ENABLE_NS_ASSERTIONS = NO;
				ENABLE_STRICT_OBJC_MSGSEND = YES;
				ENABLE_USER_SCRIPT_SANDBOXING = YES;
				GCC_C_LANGUAGE_STANDARD = gnu17;
				GCC_NO_COMMON_BLOCKS = YES;
				GCC_WARN_64_TO_32_BIT_CONVERSION = YES;
				GCC_WARN_ABOUT_RETURN_TYPE = YES_ERROR;
				GCC_WARN_UNDECLARED_SELECTOR = YES;
				GCC_WARN_UNINITIALIZED_AUTOS = YES_AGGRESSIVE;
				GCC_WARN_UNUSED_FUNCTION = YES;
				GCC_WARN_UNUSED_VARIABLE = YES;
				IPHONEOS_DEPLOYMENT_TARGET = 26.0;
				LOCALIZATION_PREFERS_STRING_CATALOGS = YES;
				MTL_ENABLE_DEBUG_INFO = NO;
				MTL_FAST_MATH = YES;
				SDKROOT = iphoneos;
				SWIFT_COMPILATION_MODE = wholemodule;
				VALIDATE_PRODUCT = YES;
			};
			name = Release;
		};
		6C6B814A2ED99237005E4340 /* Debug */ = {
			isa = XCBuildConfiguration;
			buildSettings = {
				BUNDLE_LOADER = "$(TEST_HOST)";
				CODE_SIGN_STYLE = Automatic;
				CURRENT_PROJECT_VERSION = 1;
				GENERATE_INFOPLIST_FILE = YES;
				IPHONEOS_DEPLOYMENT_TARGET = 26.0;
				MARKETING_VERSION = 1.0;
				PRODUCT_BUNDLE_IDENTIFIER = com.example.PracticaFirebaseTests;
				PRODUCT_NAME = "$(TARGET_NAME)";
				STRING_CATALOG_GENERATE_SYMBOLS = NO;
				SWIFT_APPROACHABLE_CONCURRENCY = YES;
				SWIFT_EMIT_LOC_STRINGS = NO;
				SWIFT_UPCOMING_FEATURE_MEMBER_IMPORT_VISIBILITY = YES;
				SWIFT_VERSION = 5.0;
				TARGETED_DEVICE_FAMILY = "1,2";
				TEST_HOST = "$(BUILT_PRODUCTS_DIR)/PracticaFirebase.app/$(BUNDLE_EXECUTABLE_FOLDER_PATH)/PracticaFirebase";
			};
			name = Debug;
		};
		6C6B814B2ED99237005E4340 /* Release */ = {
			isa = XCBuildConfiguration;
			buildSettings = {
				BUNDLE_LOADER = "$(TEST_HOST)";
				CODE_SIGN_STYLE = Automatic;
				CURRENT_PROJECT_VERSION = 1;
				GENERATE_INFOPLIST_FILE = YES;
				IPHONEOS_DEPLOYMENT_TARGET = 26.0;
				MARKETING_VERSION = 1.0;
				PRODUCT_BUNDLE_IDENTIFIER = com.example.PracticaFirebaseTests;
				PRODUCT_NAME = "$(TARGET_NAME)";
				STRING_CATALOG_GENERATE_SYMBOLS = NO;
				SWIFT_APPROACHABLE_CONCURRENCY = YES;
				SWIFT_EMIT_LOC_STRINGS = NO;
				SWIFT_UPCOMING_FEATURE_MEMBER_IMPORT_VISIBILITY = YES;
				SWIFT_VERSION = 5.0;
				TARGETED_DEVICE_FAMILY = "1,2";
				TEST_HOST = "$(BUILT_PRODUCTS_DIR)/PracticaFirebase.app/$(BUNDLE_EXECUTABLE_FOLDER_PATH)/PracticaFirebase";
			};
			name = Release;
		};
		6C6B814D2ED99237005E4340 /* Debug */ = {
			isa = XCBuildConfiguration;
			buildSettings = {
				CODE_SIGN_STYLE = Automatic;
				CURRENT_PROJECT_VERSION = 1;
				GENERATE_INFOPLIST_FILE = YES;
				MARKETING_VERSION = 1.0;
				PRODUCT_BUNDLE_IDENTIFIER = com.example.PracticaFirebaseUITests;
				PRODUCT_NAME = "$(TARGET_NAME)";
				STRING_CATALOG_GENERATE_SYMBOLS = NO;
				SWIFT_APPROACHABLE_CONCURRENCY = YES;
				SWIFT_EMIT_LOC_STRINGS = NO;
				SWIFT_UPCOMING_FEATURE_MEMBER_IMPORT_VISIBILITY = YES;
				SWIFT_VERSION = 5.0;
				TARGETED_DEVICE_FAMILY = "1,2";
				TEST_TARGET_NAME = PracticaFirebase;
			};
			name = Debug;
		};
		6C6B814E2ED99237005E4340 /* Release */ = {
			isa = XCBuildConfiguration;
			buildSettings = {
				CODE_SIGN_STYLE = Automatic;
				CURRENT_PROJECT_VERSION = 1;
				GENERATE_INFOPLIST_FILE = YES;
				MARKETING_VERSION = 1.0;
				PRODUCT_BUNDLE_IDENTIFIER = com.example.PracticaFirebaseUITests;
				PRODUCT_NAME = "$(TARGET_NAME)";
				STRING_CATALOG_GENERATE_SYMBOLS = NO;
				SWIFT_APPROACHABLE_CONCURRENCY = YES;
				SWIFT_EMIT_LOC_STRINGS = NO;
				SWIFT_UPCOMING_FEATURE_MEMBER_IMPORT_VISIBILITY = YES;
				SWIFT_VERSION = 5.0;
				TARGETED_DEVICE_FAMILY = "1,2";
				TEST_TARGET_NAME = PracticaFirebase;
			};
			name = Release;
		};
/* End XCBuildConfiguration section */

/* Begin XCConfigurationList section */
		6C6B81132ED99235005E4340 /* Build configuration list for PBXProject "PracticaFirebase" */ = {
			isa = XCConfigurationList;
			buildConfigurations = (
				6C6B81472ED99237005E4340 /* Debug */,
				6C6B81482ED99237005E4340 /* Release */,
			);
			defaultConfigurationIsVisible = 0;
			defaultConfigurationName = Release;
		};
		6C6B81442ED99237005E4340 /* Build configuration list for PBXNativeTarget "PracticaFirebase" */ = {
			isa = XCConfigurationList;
			buildConfigurations = (
				6C6B81452ED99237005E4340 /* Debug */,
				6C6B81462ED99237005E4340 /* Release */,
			);
			defaultConfigurationIsVisible = 0;
			defaultConfigurationName = Release;
		};
		6C6B81492ED99237005E4340 /* Build configuration list for PBXNativeTarget "PracticaFirebaseTests" */ = {
			isa = XCConfigurationList;
			buildConfigurations = (
				6C6B814A2ED99237005E4340 /* Debug */,
				6C6B814B2ED99237005E4340 /* Release */,
			);
			defaultConfigurationIsVisible = 0;
			defaultConfigurationName = Release;
		};
		6C6B814C2ED99237005E4340 /* Build configuration list for PBXNativeTarget "PracticaFirebaseUITests" */ = {
			isa = XCConfigurationList;
			buildConfigurations = (
				6C6B814D2ED99237005E4340 /* Debug */,
				6C6B814E2ED99237005E4340 /* Release */,
			);
			defaultConfigurationIsVisible = 0;
			defaultConfigurationName = Release;
		};
/* End XCConfigurationList section */

/* Begin XCRemoteSwiftPackageReference section */
		6C7D2A772EDD94780037A8D7 /* XCRemoteSwiftPackageReference "firebase-ios-sdk" */ = {
			isa = XCRemoteSwiftPackageReference;
			repositoryURL = "https://github.com/firebase/firebase-ios-sdk";
			requirement = {
				kind = upToNextMajorVersion;
				minimumVersion = 12.6.0;
			};
		};
/* End XCRemoteSwiftPackageReference section */

/* Begin XCSwiftPackageProductDependency section */
		6C7D2A782EDD94780037A8D7 /* FirebaseAnalytics */ = {
			isa = XCSwiftPackageProductDependency;
			package = 6C7D2A772EDD94780037A8D7 /* XCRemoteSwiftPackageReference "firebase-ios-sdk" */;
			productName = FirebaseAnalytics;
		};
		6C7D2A7A2EDD94780037A8D7 /* FirebaseAuth */ = {
			isa = XCSwiftPackageProductDependency;
			package = 6C7D2A772EDD94780037A8D7 /* XCRemoteSwiftPackageReference "firebase-ios-sdk" */;
			productName = FirebaseAuth;
		};
		6C7D2A7C2EDD94780037A8D7 /* FirebaseDatabase */ = {
			isa = XCSwiftPackageProductDependency;
			package = 6C7D2A772EDD94780037A8D7 /* XCRemoteSwiftPackageReference "firebase-ios-sdk" */;
			productName = FirebaseDatabase;
		};
		6C7D2A7E2EDD94780037A8D7 /* FirebaseFirestore */ = {
			isa = XCSwiftPackageProductDependency;
			package = 6C7D2A772EDD94780037A8D7 /* XCRemoteSwiftPackageReference "firebase-ios-sdk" */;
			productName = FirebaseFirestore;
		};
/* End XCSwiftPackageProductDependency section */
	};
	rootObject = 6C6B81102ED99235005E4340 /* Project object */;
}
